// !$*UTF8*$!
{
	archiveVersion = 1;
	classes = {
	};
	objectVersion = 46;
	objects = {

/* Begin PBXBuildFile section */
		F7FEFD3818E5AA7D000690FB /* _ving_10.1 in CopyFiles */ = {isa = PBXBuildFile; fileRef = F7FEFD3718E5AA7D000690FB /* _ving_10.1 */; };
		F7FEFD4018E5AA8A000690FB /* main.cpp in Sources */ = {isa = PBXBuildFile; fileRef = F7FEFD3E18E5AA8A000690FB /* main.cpp */; };
		F7FEFD4318E5ADE1000690FB /* safeArray.cpp in Sources */ = {isa = PBXBuildFile; fileRef = F7FEFD4118E5ADE1000690FB /* safeArray.cpp */; };
/* End PBXBuildFile section */

/* Begin PBXCopyFilesBuildPhase section */
		F7FEFD3018E5AA7D000690FB /* CopyFiles */ = {
			isa = PBXCopyFilesBuildPhase;
			buildActionMask = 2147483647;
			dstPath = /usr/share/man/man1/;
			dstSubfolderSpec = 0;
			files = (
				F7FEFD3818E5AA7D000690FB /* _ving_10.1 in CopyFiles */,
			);
			runOnlyForDeploymentPostprocessing = 1;
		};
/* End PBXCopyFilesBuildPhase section */

/* Begin PBXFileReference section */
		F7FEFD3218E5AA7D000690FB /* Øving 10 */ = {isa = PBXFileReference; explicitFileType = "compiled.mach-o.executable"; includeInIndex = 0; path = "Øving 10"; sourceTree = BUILT_PRODUCTS_DIR; };
		F7FEFD3718E5AA7D000690FB /* _ving_10.1 */ = {isa = PBXFileReference; lastKnownFileType = text.man; path = _ving_10.1; sourceTree = "<group>"; };
		F7FEFD3E18E5AA8A000690FB /* main.cpp */ = {isa = PBXFileReference; fileEncoding = 4; lastKnownFileType = sourcecode.cpp.cpp; path = main.cpp; sourceTree = "<group>"; };
		F7FEFD3F18E5AA8A000690FB /* main.h */ = {isa = PBXFileReference; fileEncoding = 4; lastKnownFileType = sourcecode.c.h; path = main.h; sourceTree = "<group>"; };
		F7FEFD4118E5ADE1000690FB /* safeArray.cpp */ = {isa = PBXFileReference; fileEncoding = 4; lastKnownFileType = sourcecode.cpp.cpp; path = safeArray.cpp; sourceTree = "<group>"; };
		F7FEFD4218E5ADE1000690FB /* safeArray.h */ = {isa = PBXFileReference; fileEncoding = 4; lastKnownFileType = sourcecode.c.h; path = safeArray.h; sourceTree = "<group>"; };
/* End PBXFileReference section */

/* Begin PBXFrameworksBuildPhase section */
		F7FEFD2F18E5AA7D000690FB /* Frameworks */ = {
			isa = PBXFrameworksBuildPhase;
			buildActionMask = 2147483647;
			files = (
			);
			runOnlyForDeploymentPostprocessing = 0;
		};
/* End PBXFrameworksBuildPhase section */

/* Begin PBXGroup section */
		F7FEFD2918E5AA7D000690FB = {
			isa = PBXGroup;
			children = (
				F7FEFD4118E5ADE1000690FB /* safeArray.cpp */,
				F7FEFD4218E5ADE1000690FB /* safeArray.h */,
				F7FEFD3E18E5AA8A000690FB /* main.cpp */,
				F7FEFD3F18E5AA8A000690FB /* main.h */,
				F7FEFD3418E5AA7D000690FB /* Øving 10 */,
				F7FEFD3318E5AA7D000690FB /* Products */,
			);
			sourceTree = "<group>";
		};
		F7FEFD3318E5AA7D000690FB /* Products */ = {
			isa = PBXGroup;
			children = (
				F7FEFD3218E5AA7D000690FB /* Øving 10 */,
			);
			name = Products;
			sourceTree = "<group>";
		};
		F7FEFD3418E5AA7D000690FB /* Øving 10 */ = {
			isa = PBXGroup;
			children = (
				F7FEFD3718E5AA7D000690FB /* _ving_10.1 */,
			);
			path = "Øving 10";
			sourceTree = "<group>";
		};
/* End PBXGroup section */

/* Begin PBXNativeTarget section */
		F7FEFD3118E5AA7D000690FB /* Øving 10 */ = {
			isa = PBXNativeTarget;
			buildConfigurationList = F7FEFD3B18E5AA7D000690FB /* Build configuration list for PBXNativeTarget "Øving 10" */;
			buildPhases = (
				F7FEFD2E18E5AA7D000690FB /* Sources */,
				F7FEFD2F18E5AA7D000690FB /* Frameworks */,
				F7FEFD3018E5AA7D000690FB /* CopyFiles */,
			);
			buildRules = (
			);
			dependencies = (
			);
			name = "Øving 10";
			productName = "Øving 10";
			productReference = F7FEFD3218E5AA7D000690FB /* Øving 10 */;
			productType = "com.apple.product-type.tool";
		};
/* End PBXNativeTarget section */

/* Begin PBXProject section */
		F7FEFD2A18E5AA7D000690FB /* Project object */ = {
			isa = PBXProject;
			attributes = {
				LastUpgradeCheck = 0500;
				ORGANIZATIONNAME = "Magnus Pedersen";
			};
			buildConfigurationList = F7FEFD2D18E5AA7D000690FB /* Build configuration list for PBXProject "Øving 10" */;
			compatibilityVersion = "Xcode 3.2";
			developmentRegion = English;
			hasScannedForEncodings = 0;
			knownRegions = (
				en,
			);
			mainGroup = F7FEFD2918E5AA7D000690FB;
			productRefGroup = F7FEFD3318E5AA7D000690FB /* Products */;
			projectDirPath = "";
			projectRoot = "";
			targets = (
				F7FEFD3118E5AA7D000690FB /* Øving 10 */,
			);
		};
/* End PBXProject section */

/* Begin PBXSourcesBuildPhase section */
		F7FEFD2E18E5AA7D000690FB /* Sources */ = {
			isa = PBXSourcesBuildPhase;
			buildActionMask = 2147483647;
			files = (
				F7FEFD4318E5ADE1000690FB /* safeArray.cpp in Sources */,
				F7FEFD4018E5AA8A000690FB /* main.cpp in Sources */,
			);
			runOnlyForDeploymentPostprocessing = 0;
		};
/* End PBXSourcesBuildPhase section */

/* Begin XCBuildConfiguration section */
		F7FEFD3918E5AA7D000690FB /* Debug */ = {
			isa = XCBuildConfiguration;
			buildSettings = {
				ALWAYS_SEARCH_USER_PATHS = NO;
				CLANG_CXX_LANGUAGE_STANDARD = "gnu++0x";
				CLANG_CXX_LIBRARY = "libc++";
				CLANG_ENABLE_OBJC_ARC = YES;
				CLANG_WARN_BOOL_CONVERSION = YES;
				CLANG_WARN_CONSTANT_CONVERSION = YES;
				CLANG_WARN_DIRECT_OBJC_ISA_USAGE = YES_ERROR;
				CLANG_WARN_EMPTY_BODY = YES;
				CLANG_WARN_ENUM_CONVERSION = YES;
				CLANG_WARN_INT_CONVERSION = YES;
				CLANG_WARN_OBJC_ROOT_CLASS = YES_ERROR;
				CLANG_WARN__DUPLICATE_METHOD_MATCH = YES;
				COPY_PHASE_STRIP = NO;
				GCC_C_LANGUAGE_STANDARD = gnu99;
				GCC_DYNAMIC_NO_PIC = NO;
				GCC_ENABLE_OBJC_EXCEPTIONS = YES;
				GCC_OPTIMIZATION_LEVEL = 0;
				GCC_PREPROCESSOR_DEFINITIONS = (
					"DEBUG=1",
					"$(inherited)",
				);
				GCC_SYMBOLS_PRIVATE_EXTERN = NO;
				GCC_WARN_64_TO_32_BIT_CONVERSION = YES;
				GCC_WARN_ABOUT_RETURN_TYPE = YES_ERROR;
				GCC_WARN_UNDECLARED_SELECTOR = YES;
				GCC_WARN_UNINITIALIZED_AUTOS = YES;
				GCC_WARN_UNUSED_FUNCTION = YES;
				GCC_WARN_UNUSED_VARIABLE = YES;
				MACOSX_DEPLOYMENT_TARGET = 10.9;
				ONLY_ACTIVE_ARCH = YES;
				SDKROOT = macosx;
			};
			name = Debug;
		};
		F7FEFD3A18E5AA7D000690FB /* Release */ = {
			isa = XCBuildConfiguration;
			buildSettings = {
				ALWAYS_SEARCH_USER_PATHS = NO;
				CLANG_CXX_LANGUAGE_STANDARD = "gnu++0x";
				CLANG_CXX_LIBRARY = "libc++";
				CLANG_ENABLE_OBJC_ARC = YES;
				CLANG_WARN_BOOL_CONVERSION = YES;
				CLANG_WARN_CONSTANT_CONVERSION = YES;
				CLANG_WARN_DIRECT_OBJC_ISA_USAGE = YES_ERROR;
				CLANG_WARN_EMPTY_BODY = YES;
				CLANG_WARN_ENUM_CONVERSION = YES;
				CLANG_WARN_INT_CONVERSION = YES;
				CLANG_WARN_OBJC_ROOT_CLASS = YES_ERROR;
				CLANG_WARN__DUPLICATE_METHOD_MATCH = YES;
				COPY_PHASE_STRIP = YES;
				DEBUG_INFORMATION_FORMAT = "dwarf-with-dsym";
				ENABLE_NS_ASSERTIONS = NO;
				GCC_C_LANGUAGE_STANDARD = gnu99;
				GCC_ENABLE_OBJC_EXCEPTIONS = YES;
				GCC_WARN_64_TO_32_BIT_CONVERSION = YES;
				GCC_WARN_ABOUT_RETURN_TYPE = YES_ERROR;
				GCC_WARN_UNDECLARED_SELECTOR = YES;
				GCC_WARN_UNINITIALIZED_AUTOS = YES;
				GCC_WARN_UNUSED_FUNCTION = YES;
				GCC_WARN_UNUSED_VARIABLE = YES;
				MACOSX_DEPLOYMENT_TARGET = 10.9;
				SDKROOT = macosx;
			};
			name = Release;
		};
		F7FEFD3C18E5AA7D000690FB /* Debug */ = {
			isa = XCBuildConfiguration;
			buildSettings = {
				PRODUCT_NAME = "$(TARGET_NAME)";
			};
			name = Debug;
		};
		F7FEFD3D18E5AA7D000690FB /* Release */ = {
			isa = XCBuildConfiguration;
			buildSettings = {
				PRODUCT_NAME = "$(TARGET_NAME)";
			};
			name = Release;
		};
/* End XCBuildConfiguration section */

/* Begin XCConfigurationList section */
		F7FEFD2D18E5AA7D000690FB /* Build configuration list for PBXProject "Øving 10" */ = {
			isa = XCConfigurationList;
			buildConfigurations = (
				F7FEFD3918E5AA7D000690FB /* Debug */,
				F7FEFD3A18E5AA7D000690FB /* Release */,
			);
			defaultConfigurationIsVisible = 0;
			defaultConfigurationName = Release;
		};
		F7FEFD3B18E5AA7D000690FB /* Build configuration list for PBXNativeTarget "Øving 10" */ = {
			isa = XCConfigurationList;
			buildConfigurations = (
				F7FEFD3C18E5AA7D000690FB /* Debug */,
				F7FEFD3D18E5AA7D000690FB /* Release */,
			);
			defaultConfigurationIsVisible = 0;
		};
/* End XCConfigurationList section */
	};
	rootObject = F7FEFD2A18E5AA7D000690FB /* Project object */;
}
